
Microsoft Visual Studio Solution File, Format Version 12.00
# Visual Studio Version 17
VisualStudioVersion = 17.10.35122.118
MinimumVisualStudioVersion = 10.0.40219.1
Project("{9092AA53-FB77-4645-B42D-1CCCA6BD08BD}") = "TSCodingChallenges_CodeWars", "TSCodingChallenges_CodeWars.njsproj", "{1B7F122C-A8F0-4A84-9BEF-A6C0673FCDF6}"
EndProject
Global
	GlobalSection(SolutionConfigurationPlatforms) = preSolution
		Debug|Any CPU = Debug|Any CPU
		Release|Any CPU = Release|Any CPU
	EndGlobalSection
	GlobalSection(ProjectConfigurationPlatforms) = postSolution
		{1B7F122C-A8F0-4A84-9BEF-A6C0673FCDF6}.Debug|Any CPU.ActiveCfg = Debug|Any CPU
		{1B7F122C-A8F0-4A84-9BEF-A6C0673FCDF6}.Debug|Any CPU.Build.0 = Debug|Any CPU
		{1B7F122C-A8F0-4A84-9BEF-A6C0673FCDF6}.Release|Any CPU.ActiveCfg = Release|Any CPU
		{1B7F122C-A8F0-4A84-9BEF-A6C0673FCDF6}.Release|Any CPU.Build.0 = Release|Any CPU
	EndGlobalSection
	GlobalSection(SolutionProperties) = preSolution
		HideSolutionNode = FALSE
	EndGlobalSection
	GlobalSection(ExtensibilityGlobals) = postSolution
		SolutionGuid = {5B2D05A2-1DF5-42C1-9C0F-0A7E0F324FDA}
	EndGlobalSection
EndGlobal
